// !$*UTF8*$!
{
	archiveVersion = 1;
	classes = {
	};
	objectVersion = 50;
	objects = {

/* Begin PBXBuildFile section */
		2A33C154243F9B3E009B9E1D /* Achievement.storyboard in Resources */ = {isa = PBXBuildFile; fileRef = 2A33C153243F9B3E009B9E1D /* Achievement.storyboard */; };
		2A33C156243F9B94009B9E1D /* AchievementVC.swift in Sources */ = {isa = PBXBuildFile; fileRef = 2A33C155243F9B94009B9E1D /* AchievementVC.swift */; };
		4FFB10A9243576BD0010838A /* AppDelegate.swift in Sources */ = {isa = PBXBuildFile; fileRef = 4FFB10A8243576BD0010838A /* AppDelegate.swift */; };
		4FFB10AB243576BD0010838A /* SceneDelegate.swift in Sources */ = {isa = PBXBuildFile; fileRef = 4FFB10AA243576BD0010838A /* SceneDelegate.swift */; };
		4FFB10AD243576BD0010838A /* ViewController.swift in Sources */ = {isa = PBXBuildFile; fileRef = 4FFB10AC243576BD0010838A /* ViewController.swift */; };
		4FFB10B0243576BD0010838A /* Main.storyboard in Resources */ = {isa = PBXBuildFile; fileRef = 4FFB10AE243576BD0010838A /* Main.storyboard */; };
		4FFB10B5243576C00010838A /* Assets.xcassets in Resources */ = {isa = PBXBuildFile; fileRef = 4FFB10B4243576C00010838A /* Assets.xcassets */; };
		4FFB10B8243576C00010838A /* LaunchScreen.storyboard in Resources */ = {isa = PBXBuildFile; fileRef = 4FFB10B6243576C00010838A /* LaunchScreen.storyboard */; };
		4FFB10C7243577290010838A /* EatingHabitsCoreDataStorage.xcdatamodeld in Sources */ = {isa = PBXBuildFile; fileRef = 4FFB10C5243577290010838A /* EatingHabitsCoreDataStorage.xcdatamodeld */; };
/* End PBXBuildFile section */

/* Begin PBXFileReference section */
		2A33C153243F9B3E009B9E1D /* Achievement.storyboard */ = {isa = PBXFileReference; lastKnownFileType = file.storyboard; path = Achievement.storyboard; sourceTree = "<group>"; };
		2A33C155243F9B94009B9E1D /* AchievementVC.swift */ = {isa = PBXFileReference; lastKnownFileType = sourcecode.swift; path = AchievementVC.swift; sourceTree = "<group>"; };
		4FFB10A5243576BD0010838A /* EatingHabits.app */ = {isa = PBXFileReference; explicitFileType = wrapper.application; includeInIndex = 0; path = EatingHabits.app; sourceTree = BUILT_PRODUCTS_DIR; };
		4FFB10A8243576BD0010838A /* AppDelegate.swift */ = {isa = PBXFileReference; lastKnownFileType = sourcecode.swift; path = AppDelegate.swift; sourceTree = "<group>"; };
		4FFB10AA243576BD0010838A /* SceneDelegate.swift */ = {isa = PBXFileReference; lastKnownFileType = sourcecode.swift; path = SceneDelegate.swift; sourceTree = "<group>"; };
		4FFB10AC243576BD0010838A /* ViewController.swift */ = {isa = PBXFileReference; lastKnownFileType = sourcecode.swift; path = ViewController.swift; sourceTree = "<group>"; };
		4FFB10AF243576BD0010838A /* Base */ = {isa = PBXFileReference; lastKnownFileType = file.storyboard; name = Base; path = Base.lproj/Main.storyboard; sourceTree = "<group>"; };
		4FFB10B4243576C00010838A /* Assets.xcassets */ = {isa = PBXFileReference; lastKnownFileType = folder.assetcatalog; path = Assets.xcassets; sourceTree = "<group>"; };
		4FFB10B7243576C00010838A /* Base */ = {isa = PBXFileReference; lastKnownFileType = file.storyboard; name = Base; path = Base.lproj/LaunchScreen.storyboard; sourceTree = "<group>"; };
		4FFB10B9243576C00010838A /* Info.plist */ = {isa = PBXFileReference; lastKnownFileType = text.plist.xml; path = Info.plist; sourceTree = "<group>"; };
		4FFB10C6243577290010838A /* EatingHabitsCoreDataStorage.xcdatamodel */ = {isa = PBXFileReference; lastKnownFileType = wrapper.xcdatamodel; path = EatingHabitsCoreDataStorage.xcdatamodel; sourceTree = "<group>"; };
/* End PBXFileReference section */

/* Begin PBXFrameworksBuildPhase section */
		4FFB10A2243576BD0010838A /* Frameworks */ = {
			isa = PBXFrameworksBuildPhase;
			buildActionMask = 2147483647;
			files = (
			);
			runOnlyForDeploymentPostprocessing = 0;
		};
/* End PBXFrameworksBuildPhase section */

/* Begin PBXGroup section */
		2A33C152243F9B26009B9E1D /* Achievement */ = {
			isa = PBXGroup;
			children = (
				2A33C155243F9B94009B9E1D /* AchievementVC.swift */,
				2A33C153243F9B3E009B9E1D /* Achievement.storyboard */,
			);
			path = Achievement;
			sourceTree = "<group>";
		};
		4FFB109C243576BD0010838A = {
			isa = PBXGroup;
			children = (
				4FFB10A7243576BD0010838A /* EatingHabits */,
				4FFB10A6243576BD0010838A /* Products */,
			);
			sourceTree = "<group>";
		};
		4FFB10A6243576BD0010838A /* Products */ = {
			isa = PBXGroup;
			children = (
				4FFB10A5243576BD0010838A /* EatingHabits.app */,
			);
			name = Products;
			sourceTree = "<group>";
		};
		4FFB10A7243576BD0010838A /* EatingHabits */ = {
			isa = PBXGroup;
			children = (
				4FFB10C2243576FF0010838A /* Data */,
				4FFB10C1243576F10010838A /* Presentation */,
				4FFB10BF243576CC0010838A /* Application */,
				4FFB10C0243576D40010838A /* Resources */,
			);
			path = EatingHabits;
			sourceTree = "<group>";
		};
		4FFB10BF243576CC0010838A /* Application */ = {
			isa = PBXGroup;
			children = (
				4FFB10A8243576BD0010838A /* AppDelegate.swift */,
				4FFB10AA243576BD0010838A /* SceneDelegate.swift */,
			);
			path = Application;
			sourceTree = "<group>";
		};
		4FFB10C0243576D40010838A /* Resources */ = {
			isa = PBXGroup;
			children = (
				4FFB10B4243576C00010838A /* Assets.xcassets */,
				4FFB10B6243576C00010838A /* LaunchScreen.storyboard */,
				4FFB10B9243576C00010838A /* Info.plist */,
			);
			path = Resources;
			sourceTree = "<group>";
		};
		4FFB10C1243576F10010838A /* Presentation */ = {
			isa = PBXGroup;
			children = (
				2A33C152243F9B26009B9E1D /* Achievement */,
				4FFB10AC243576BD0010838A /* ViewController.swift */,
				4FFB10AE243576BD0010838A /* Main.storyboard */,
			);
			path = Presentation;
			sourceTree = "<group>";
		};
		4FFB10C2243576FF0010838A /* Data */ = {
			isa = PBXGroup;
			children = (
				4FFB10C4243577090010838A /* UserDefaultStorage */,
				4FFB10C3243577030010838A /* CoreDataStorage */,
			);
			path = Data;
			sourceTree = "<group>";
		};
		4FFB10C3243577030010838A /* CoreDataStorage */ = {
			isa = PBXGroup;
			children = (
				4FFB10C5243577290010838A /* EatingHabitsCoreDataStorage.xcdatamodeld */,
			);
			path = CoreDataStorage;
			sourceTree = "<group>";
		};
		4FFB10C4243577090010838A /* UserDefaultStorage */ = {
			isa = PBXGroup;
			children = (
			);
			path = UserDefaultStorage;
			sourceTree = "<group>";
		};
/* End PBXGroup section */

/* Begin PBXNativeTarget section */
		4FFB10A4243576BD0010838A /* EatingHabits */ = {
			isa = PBXNativeTarget;
			buildConfigurationList = 4FFB10BC243576C00010838A /* Build configuration list for PBXNativeTarget "EatingHabits" */;
			buildPhases = (
				4FFB10A1243576BD0010838A /* Sources */,
				4FFB10A2243576BD0010838A /* Frameworks */,
				4FFB10A3243576BD0010838A /* Resources */,
			);
			buildRules = (
			);
			dependencies = (
			);
			name = EatingHabits;
			productName = EatingHabits;
			productReference = 4FFB10A5243576BD0010838A /* EatingHabits.app */;
			productType = "com.apple.product-type.application";
		};
/* End PBXNativeTarget section */

/* Begin PBXProject section */
		4FFB109D243576BD0010838A /* Project object */ = {
			isa = PBXProject;
			attributes = {
				LastSwiftUpdateCheck = 1140;
				LastUpgradeCheck = 1140;
				ORGANIZATIONNAME = "Triple T";
				TargetAttributes = {
					4FFB10A4243576BD0010838A = {
						CreatedOnToolsVersion = 11.4;
					};
				};
			};
			buildConfigurationList = 4FFB10A0243576BD0010838A /* Build configuration list for PBXProject "EatingHabits" */;
			compatibilityVersion = "Xcode 9.3";
			developmentRegion = en;
			hasScannedForEncodings = 0;
			knownRegions = (
				en,
				Base,
			);
			mainGroup = 4FFB109C243576BD0010838A;
			productRefGroup = 4FFB10A6243576BD0010838A /* Products */;
			projectDirPath = "";
			projectRoot = "";
			targets = (
				4FFB10A4243576BD0010838A /* EatingHabits */,
			);
		};
/* End PBXProject section */

/* Begin PBXResourcesBuildPhase section */
		4FFB10A3243576BD0010838A /* Resources */ = {
			isa = PBXResourcesBuildPhase;
			buildActionMask = 2147483647;
			files = (
				4FFB10B8243576C00010838A /* LaunchScreen.storyboard in Resources */,
				4FFB10B5243576C00010838A /* Assets.xcassets in Resources */,
				2A33C154243F9B3E009B9E1D /* Achievement.storyboard in Resources */,
				4FFB10B0243576BD0010838A /* Main.storyboard in Resources */,
			);
			runOnlyForDeploymentPostprocessing = 0;
		};
/* End PBXResourcesBuildPhase section */

/* Begin PBXSourcesBuildPhase section */
		4FFB10A1243576BD0010838A /* Sources */ = {
			isa = PBXSourcesBuildPhase;
			buildActionMask = 2147483647;
			files = (
				4FFB10AD243576BD0010838A /* ViewController.swift in Sources */,
				4FFB10A9243576BD0010838A /* AppDelegate.swift in Sources */,
				2A33C156243F9B94009B9E1D /* AchievementVC.swift in Sources */,
				4FFB10AB243576BD0010838A /* SceneDelegate.swift in Sources */,
				4FFB10C7243577290010838A /* EatingHabitsCoreDataStorage.xcdatamodeld in Sources */,
			);
			runOnlyForDeploymentPostprocessing = 0;
		};
/* End PBXSourcesBuildPhase section */

/* Begin PBXVariantGroup section */
		4FFB10AE243576BD0010838A /* Main.storyboard */ = {
			isa = PBXVariantGroup;
			children = (
				4FFB10AF243576BD0010838A /* Base */,
			);
			name = Main.storyboard;
			sourceTree = "<group>";
		};
		4FFB10B6243576C00010838A /* LaunchScreen.storyboard */ = {
			isa = PBXVariantGroup;
			children = (
				4FFB10B7243576C00010838A /* Base */,
			);
			name = LaunchScreen.storyboard;
			sourceTree = "<group>";
		};
/* End PBXVariantGroup section */

/* Begin XCBuildConfiguration section */
		4FFB10BA243576C00010838A /* Debug */ = {
			isa = XCBuildConfiguration;
			buildSettings = {
				ALWAYS_SEARCH_USER_PATHS = NO;
				CLANG_ANALYZER_NONNULL = YES;
				CLANG_ANALYZER_NUMBER_OBJECT_CONVERSION = YES_AGGRESSIVE;
				CLANG_CXX_LANGUAGE_STANDARD = "gnu++14";
				CLANG_CXX_LIBRARY = "libc++";
				CLANG_ENABLE_MODULES = YES;
				CLANG_ENABLE_OBJC_ARC = YES;
				CLANG_ENABLE_OBJC_WEAK = YES;
				CLANG_WARN_BLOCK_CAPTURE_AUTORELEASING = YES;
				CLANG_WARN_BOOL_CONVERSION = YES;
				CLANG_WARN_COMMA = YES;
				CLANG_WARN_CONSTANT_CONVERSION = YES;
				CLANG_WARN_DEPRECATED_OBJC_IMPLEMENTATIONS = YES;
				CLANG_WARN_DIRECT_OBJC_ISA_USAGE = YES_ERROR;
				CLANG_WARN_DOCUMENTATION_COMMENTS = YES;
				CLANG_WARN_EMPTY_BODY = YES;
				CLANG_WARN_ENUM_CONVERSION = YES;
				CLANG_WARN_INFINITE_RECURSION = YES;
				CLANG_WARN_INT_CONVERSION = YES;
				CLANG_WARN_NON_LITERAL_NULL_CONVERSION = YES;
				CLANG_WARN_OBJC_IMPLICIT_RETAIN_SELF = YES;
				CLANG_WARN_OBJC_LITERAL_CONVERSION = YES;
				CLANG_WARN_OBJC_ROOT_CLASS = YES_ERROR;
				CLANG_WARN_RANGE_LOOP_ANALYSIS = YES;
				CLANG_WARN_STRICT_PROTOTYPES = YES;
				CLANG_WARN_SUSPICIOUS_MOVE = YES;
				CLANG_WARN_UNGUARDED_AVAILABILITY = YES_AGGRESSIVE;
				CLANG_WARN_UNREACHABLE_CODE = YES;
				CLANG_WARN__DUPLICATE_METHOD_MATCH = YES;
				COPY_PHASE_STRIP = NO;
				DEBUG_INFORMATION_FORMAT = dwarf;
				ENABLE_STRICT_OBJC_MSGSEND = YES;
				ENABLE_TESTABILITY = YES;
				GCC_C_LANGUAGE_STANDARD = gnu11;
				GCC_DYNAMIC_NO_PIC = NO;
				GCC_NO_COMMON_BLOCKS = YES;
				GCC_OPTIMIZATION_LEVEL = 0;
				GCC_PREPROCESSOR_DEFINITIONS = (
					"DEBUG=1",
					"$(inherited)",
				);
				GCC_WARN_64_TO_32_BIT_CONVERSION = YES;
				GCC_WARN_ABOUT_RETURN_TYPE = YES_ERROR;
				GCC_WARN_UNDECLARED_SELECTOR = YES;
				GCC_WARN_UNINITIALIZED_AUTOS = YES_AGGRESSIVE;
				GCC_WARN_UNUSED_FUNCTION = YES;
				GCC_WARN_UNUSED_VARIABLE = YES;
				IPHONEOS_DEPLOYMENT_TARGET = 13.4;
				MTL_ENABLE_DEBUG_INFO = INCLUDE_SOURCE;
				MTL_FAST_MATH = YES;
				ONLY_ACTIVE_ARCH = YES;
				SDKROOT = iphoneos;
				SWIFT_ACTIVE_COMPILATION_CONDITIONS = DEBUG;
				SWIFT_OPTIMIZATION_LEVEL = "-Onone";
			};
			name = Debug;
		};
		4FFB10BB243576C00010838A /* Release */ = {
			isa = XCBuildConfiguration;
			buildSettings = {
				ALWAYS_SEARCH_USER_PATHS = NO;
				CLANG_ANALYZER_NONNULL = YES;
				CLANG_ANALYZER_NUMBER_OBJECT_CONVERSION = YES_AGGRESSIVE;
				CLANG_CXX_LANGUAGE_STANDARD = "gnu++14";
				CLANG_CXX_LIBRARY = "libc++";
				CLANG_ENABLE_MODULES = YES;
				CLANG_ENABLE_OBJC_ARC = YES;
				CLANG_ENABLE_OBJC_WEAK = YES;
				CLANG_WARN_BLOCK_CAPTURE_AUTORELEASING = YES;
				CLANG_WARN_BOOL_CONVERSION = YES;
				CLANG_WARN_COMMA = YES;
				CLANG_WARN_CONSTANT_CONVERSION = YES;
				CLANG_WARN_DEPRECATED_OBJC_IMPLEMENTATIONS = YES;
				CLANG_WARN_DIRECT_OBJC_ISA_USAGE = YES_ERROR;
				CLANG_WARN_DOCUMENTATION_COMMENTS = YES;
				CLANG_WARN_EMPTY_BODY = YES;
				CLANG_WARN_ENUM_CONVERSION = YES;
				CLANG_WARN_INFINITE_RECURSION = YES;
				CLANG_WARN_INT_CONVERSION = YES;
				CLANG_WARN_NON_LITERAL_NULL_CONVERSION = YES;
				CLANG_WARN_OBJC_IMPLICIT_RETAIN_SELF = YES;
				CLANG_WARN_OBJC_LITERAL_CONVERSION = YES;
				CLANG_WARN_OBJC_ROOT_CLASS = YES_ERROR;
				CLANG_WARN_RANGE_LOOP_ANALYSIS = YES;
				CLANG_WARN_STRICT_PROTOTYPES = YES;
				CLANG_WARN_SUSPICIOUS_MOVE = YES;
				CLANG_WARN_UNGUARDED_AVAILABILITY = YES_AGGRESSIVE;
				CLANG_WARN_UNREACHABLE_CODE = YES;
				CLANG_WARN__DUPLICATE_METHOD_MATCH = YES;
				COPY_PHASE_STRIP = NO;
				DEBUG_INFORMATION_FORMAT = "dwarf-with-dsym";
				ENABLE_NS_ASSERTIONS = NO;
				ENABLE_STRICT_OBJC_MSGSEND = YES;
				GCC_C_LANGUAGE_STANDARD = gnu11;
				GCC_NO_COMMON_BLOCKS = YES;
				GCC_WARN_64_TO_32_BIT_CONVERSION = YES;
				GCC_WARN_ABOUT_RETURN_TYPE = YES_ERROR;
				GCC_WARN_UNDECLARED_SELECTOR = YES;
				GCC_WARN_UNINITIALIZED_AUTOS = YES_AGGRESSIVE;
				GCC_WARN_UNUSED_FUNCTION = YES;
				GCC_WARN_UNUSED_VARIABLE = YES;
				IPHONEOS_DEPLOYMENT_TARGET = 13.4;
				MTL_ENABLE_DEBUG_INFO = NO;
				MTL_FAST_MATH = YES;
				SDKROOT = iphoneos;
				SWIFT_COMPILATION_MODE = wholemodule;
				SWIFT_OPTIMIZATION_LEVEL = "-O";
				VALIDATE_PRODUCT = YES;
			};
			name = Release;
		};
		4FFB10BD243576C00010838A /* Debug */ = {
			isa = XCBuildConfiguration;
			buildSettings = {
				ASSETCATALOG_COMPILER_APPICON_NAME = AppIcon;
				CODE_SIGN_STYLE = Automatic;
				DEVELOPMENT_TEAM = 5U7M39KWXM;
				INFOPLIST_FILE = "$(SRCROOT)/EatingHabits/Resources/Info.plist";
				IPHONEOS_DEPLOYMENT_TARGET = 13.0;
				LD_RUNPATH_SEARCH_PATHS = (
					"$(inherited)",
					"@executable_path/Frameworks",
				);
				PRODUCT_BUNDLE_IDENTIFIER = com.triplet.EatingHabits;
				PRODUCT_NAME = "$(TARGET_NAME)";
				SWIFT_VERSION = 5.0;
				TARGETED_DEVICE_FAMILY = 1;
			};
			name = Debug;
		};
		4FFB10BE243576C00010838A /* Release */ = {
			isa = XCBuildConfiguration;
			buildSettings = {
				ASSETCATALOG_COMPILER_APPICON_NAME = AppIcon;
				CODE_SIGN_STYLE = Automatic;
				DEVELOPMENT_TEAM = 5U7M39KWXM;
				INFOPLIST_FILE = "$(SRCROOT)/EatingHabits/Resources/Info.plist";
				IPHONEOS_DEPLOYMENT_TARGET = 13.0;
				LD_RUNPATH_SEARCH_PATHS = (
					"$(inherited)",
					"@executable_path/Frameworks",
				);
				PRODUCT_BUNDLE_IDENTIFIER = com.triplet.EatingHabits;
				PRODUCT_NAME = "$(TARGET_NAME)";
				SWIFT_VERSION = 5.0;
				TARGETED_DEVICE_FAMILY = 1;
			};
			name = Release;
		};
/* End XCBuildConfiguration section */

/* Begin XCConfigurationList section */
		4FFB10A0243576BD0010838A /* Build configuration list for PBXProject "EatingHabits" */ = {
			isa = XCConfigurationList;
			buildConfigurations = (
				4FFB10BA243576C00010838A /* Debug */,
				4FFB10BB243576C00010838A /* Release */,
			);
			defaultConfigurationIsVisible = 0;
			defaultConfigurationName = Release;
		};
		4FFB10BC243576C00010838A /* Build configuration list for PBXNativeTarget "EatingHabits" */ = {
			isa = XCConfigurationList;
			buildConfigurations = (
				4FFB10BD243576C00010838A /* Debug */,
				4FFB10BE243576C00010838A /* Release */,
			);
			defaultConfigurationIsVisible = 0;
			defaultConfigurationName = Release;
		};
/* End XCConfigurationList section */

/* Begin XCVersionGroup section */
		4FFB10C5243577290010838A /* EatingHabitsCoreDataStorage.xcdatamodeld */ = {
			isa = XCVersionGroup;
			children = (
				4FFB10C6243577290010838A /* EatingHabitsCoreDataStorage.xcdatamodel */,
			);
			currentVersion = 4FFB10C6243577290010838A /* EatingHabitsCoreDataStorage.xcdatamodel */;
			path = EatingHabitsCoreDataStorage.xcdatamodeld;
			sourceTree = "<group>";
			versionGroupType = wrapper.xcdatamodel;
		};
/* End XCVersionGroup section */
	};
	rootObject = 4FFB109D243576BD0010838A /* Project object */;
}
