// !$*UTF8*$!
{
	archiveVersion = 1;
	classes = {
	};
	objectVersion = 50;
	objects = {

/* Begin PBXBuildFile section */
		2A1077362440553900994C8F /* AchievementCell.swift in Sources */ = {isa = PBXBuildFile; fileRef = 2A1077352440553900994C8F /* AchievementCell.swift */; };
		2A10773824414E8000994C8F /* AchievementSection.swift in Sources */ = {isa = PBXBuildFile; fileRef = 2A10773724414E8000994C8F /* AchievementSection.swift */; };
		2A10773A2441570D00994C8F /* SectionHeader.swift in Sources */ = {isa = PBXBuildFile; fileRef = 2A1077392441570D00994C8F /* SectionHeader.swift */; };
		2A10773C24416C9100994C8F /* AchievementDetailsVC.swift in Sources */ = {isa = PBXBuildFile; fileRef = 2A10773B24416C9100994C8F /* AchievementDetailsVC.swift */; };
		2A10773E2441DBB200994C8F /* RadialGradientView.swift in Sources */ = {isa = PBXBuildFile; fileRef = 2A10773D2441DBB200994C8F /* RadialGradientView.swift */; };
		2A33C154243F9B3E009B9E1D /* Achievement.storyboard in Resources */ = {isa = PBXBuildFile; fileRef = 2A33C153243F9B3E009B9E1D /* Achievement.storyboard */; };
		2A33C156243F9B94009B9E1D /* AchievementVC.swift in Sources */ = {isa = PBXBuildFile; fileRef = 2A33C155243F9B94009B9E1D /* AchievementVC.swift */; };
		4F4A2EA2244333D0005E43EF /* DashboardViewController.storyboard in Resources */ = {isa = PBXBuildFile; fileRef = 4F4A2EA1244333D0005E43EF /* DashboardViewController.storyboard */; };
		4F4A2EA524433703005E43EF /* CheckInDashboardViewController.storyboard in Resources */ = {isa = PBXBuildFile; fileRef = 4F4A2EA424433703005E43EF /* CheckInDashboardViewController.storyboard */; };
		4F4A2EA724433740005E43EF /* CheckInDashboardViewController.swift in Sources */ = {isa = PBXBuildFile; fileRef = 4F4A2EA624433740005E43EF /* CheckInDashboardViewController.swift */; };
		4F4A2EAA244338E4005E43EF /* AchievementDashboardViewController.storyboard in Resources */ = {isa = PBXBuildFile; fileRef = 4F4A2EA9244338E4005E43EF /* AchievementDashboardViewController.storyboard */; };
		4F4A2EAE24433909005E43EF /* SummaryDashboardViewController.storyboard in Resources */ = {isa = PBXBuildFile; fileRef = 4F4A2EAD24433909005E43EF /* SummaryDashboardViewController.storyboard */; };
		4F4A2EB024433918005E43EF /* HistoryDashboardViewController.storyboard in Resources */ = {isa = PBXBuildFile; fileRef = 4F4A2EAF24433918005E43EF /* HistoryDashboardViewController.storyboard */; };
		4F4A2EB224433932005E43EF /* HistoryDashboardViewController.swift in Sources */ = {isa = PBXBuildFile; fileRef = 4F4A2EB124433932005E43EF /* HistoryDashboardViewController.swift */; };
		4F4A2EB424433984005E43EF /* SummaryDashboardViewController.swift in Sources */ = {isa = PBXBuildFile; fileRef = 4F4A2EB324433984005E43EF /* SummaryDashboardViewController.swift */; };
		4F4A2EB6244339C8005E43EF /* AchievementDashboardViewController.swift in Sources */ = {isa = PBXBuildFile; fileRef = 4F4A2EB5244339C8005E43EF /* AchievementDashboardViewController.swift */; };
		4F4A2EB924434C4B005E43EF /* RecommendationTimeCheckInDashboardViewController.swift in Sources */ = {isa = PBXBuildFile; fileRef = 4F4A2EB824434C4B005E43EF /* RecommendationTimeCheckInDashboardViewController.swift */; };
		4F4A2EBF2443669B005E43EF /* CoreDataStorage.swift in Sources */ = {isa = PBXBuildFile; fileRef = 4F4A2EBE2443669B005E43EF /* CoreDataStorage.swift */; };
		4F4A2EC1244366FB005E43EF /* MealTimeStorage.swift in Sources */ = {isa = PBXBuildFile; fileRef = 4F4A2EC0244366FB005E43EF /* MealTimeStorage.swift */; };
		4F4A2EC424436754005E43EF /* MealTimeEntity+Mapping.swift in Sources */ = {isa = PBXBuildFile; fileRef = 4F4A2EC324436754005E43EF /* MealTimeEntity+Mapping.swift */; };
		4F4A2EC62443675E005E43EF /* MealTime.swift in Sources */ = {isa = PBXBuildFile; fileRef = 4F4A2EC52443675E005E43EF /* MealTime.swift */; };
		4F4A2EC92443735E005E43EF /* MealTimeSummaryDashboardTableViewCell.swift in Sources */ = {isa = PBXBuildFile; fileRef = 4F4A2EC82443735E005E43EF /* MealTimeSummaryDashboardTableViewCell.swift */; };
		4F4A2ECB24437387005E43EF /* HeaderSummaryDashboardTableViewCell.swift in Sources */ = {isa = PBXBuildFile; fileRef = 4F4A2ECA24437387005E43EF /* HeaderSummaryDashboardTableViewCell.swift */; };
		4F4A2ECD24440840005E43EF /* ReadingsSummaryDashboardTableViewCell.swift in Sources */ = {isa = PBXBuildFile; fileRef = 4F4A2ECC24440840005E43EF /* ReadingsSummaryDashboardTableViewCell.swift */; };
		4FFB10A9243576BD0010838A /* AppDelegate.swift in Sources */ = {isa = PBXBuildFile; fileRef = 4FFB10A8243576BD0010838A /* AppDelegate.swift */; };
		4FFB10AB243576BD0010838A /* SceneDelegate.swift in Sources */ = {isa = PBXBuildFile; fileRef = 4FFB10AA243576BD0010838A /* SceneDelegate.swift */; };
		4FFB10B5243576C00010838A /* Assets.xcassets in Resources */ = {isa = PBXBuildFile; fileRef = 4FFB10B4243576C00010838A /* Assets.xcassets */; };
		4FFB10B8243576C00010838A /* LaunchScreen.storyboard in Resources */ = {isa = PBXBuildFile; fileRef = 4FFB10B6243576C00010838A /* LaunchScreen.storyboard */; };
		4FFB10C7243577290010838A /* EatingHabitsCoreDataStorage.xcdatamodeld in Sources */ = {isa = PBXBuildFile; fileRef = 4FFB10C5243577290010838A /* EatingHabitsCoreDataStorage.xcdatamodeld */; };
/* End PBXBuildFile section */

/* Begin PBXFileReference section */
		2A1077352440553900994C8F /* AchievementCell.swift */ = {isa = PBXFileReference; lastKnownFileType = sourcecode.swift; path = AchievementCell.swift; sourceTree = "<group>"; };
		2A10773724414E8000994C8F /* AchievementSection.swift */ = {isa = PBXFileReference; lastKnownFileType = sourcecode.swift; path = AchievementSection.swift; sourceTree = "<group>"; };
		2A1077392441570D00994C8F /* SectionHeader.swift */ = {isa = PBXFileReference; lastKnownFileType = sourcecode.swift; path = SectionHeader.swift; sourceTree = "<group>"; };
		2A10773B24416C9100994C8F /* AchievementDetailsVC.swift */ = {isa = PBXFileReference; lastKnownFileType = sourcecode.swift; path = AchievementDetailsVC.swift; sourceTree = "<group>"; };
		2A10773D2441DBB200994C8F /* RadialGradientView.swift */ = {isa = PBXFileReference; lastKnownFileType = sourcecode.swift; path = RadialGradientView.swift; sourceTree = "<group>"; };
		2A33C153243F9B3E009B9E1D /* Achievement.storyboard */ = {isa = PBXFileReference; lastKnownFileType = file.storyboard; path = Achievement.storyboard; sourceTree = "<group>"; };
		2A33C155243F9B94009B9E1D /* AchievementVC.swift */ = {isa = PBXFileReference; lastKnownFileType = sourcecode.swift; path = AchievementVC.swift; sourceTree = "<group>"; };
		4F4A2EA1244333D0005E43EF /* DashboardViewController.storyboard */ = {isa = PBXFileReference; lastKnownFileType = file.storyboard; path = DashboardViewController.storyboard; sourceTree = "<group>"; };
		4F4A2EA424433703005E43EF /* CheckInDashboardViewController.storyboard */ = {isa = PBXFileReference; lastKnownFileType = file.storyboard; path = CheckInDashboardViewController.storyboard; sourceTree = "<group>"; };
		4F4A2EA624433740005E43EF /* CheckInDashboardViewController.swift */ = {isa = PBXFileReference; lastKnownFileType = sourcecode.swift; path = CheckInDashboardViewController.swift; sourceTree = "<group>"; };
		4F4A2EA9244338E4005E43EF /* AchievementDashboardViewController.storyboard */ = {isa = PBXFileReference; lastKnownFileType = file.storyboard; path = AchievementDashboardViewController.storyboard; sourceTree = "<group>"; };
		4F4A2EAD24433909005E43EF /* SummaryDashboardViewController.storyboard */ = {isa = PBXFileReference; lastKnownFileType = file.storyboard; path = SummaryDashboardViewController.storyboard; sourceTree = "<group>"; };
		4F4A2EAF24433918005E43EF /* HistoryDashboardViewController.storyboard */ = {isa = PBXFileReference; lastKnownFileType = file.storyboard; path = HistoryDashboardViewController.storyboard; sourceTree = "<group>"; };
		4F4A2EB124433932005E43EF /* HistoryDashboardViewController.swift */ = {isa = PBXFileReference; lastKnownFileType = sourcecode.swift; path = HistoryDashboardViewController.swift; sourceTree = "<group>"; };
		4F4A2EB324433984005E43EF /* SummaryDashboardViewController.swift */ = {isa = PBXFileReference; lastKnownFileType = sourcecode.swift; path = SummaryDashboardViewController.swift; sourceTree = "<group>"; };
		4F4A2EB5244339C8005E43EF /* AchievementDashboardViewController.swift */ = {isa = PBXFileReference; lastKnownFileType = sourcecode.swift; path = AchievementDashboardViewController.swift; sourceTree = "<group>"; };
		4F4A2EB824434C4B005E43EF /* RecommendationTimeCheckInDashboardViewController.swift */ = {isa = PBXFileReference; lastKnownFileType = sourcecode.swift; path = RecommendationTimeCheckInDashboardViewController.swift; sourceTree = "<group>"; };
		4F4A2EBE2443669B005E43EF /* CoreDataStorage.swift */ = {isa = PBXFileReference; lastKnownFileType = sourcecode.swift; path = CoreDataStorage.swift; sourceTree = "<group>"; };
		4F4A2EC0244366FB005E43EF /* MealTimeStorage.swift */ = {isa = PBXFileReference; lastKnownFileType = sourcecode.swift; path = MealTimeStorage.swift; sourceTree = "<group>"; };
		4F4A2EC324436754005E43EF /* MealTimeEntity+Mapping.swift */ = {isa = PBXFileReference; lastKnownFileType = sourcecode.swift; path = "MealTimeEntity+Mapping.swift"; sourceTree = "<group>"; };
		4F4A2EC52443675E005E43EF /* MealTime.swift */ = {isa = PBXFileReference; lastKnownFileType = sourcecode.swift; path = MealTime.swift; sourceTree = "<group>"; };
		4F4A2EC82443735E005E43EF /* MealTimeSummaryDashboardTableViewCell.swift */ = {isa = PBXFileReference; lastKnownFileType = sourcecode.swift; path = MealTimeSummaryDashboardTableViewCell.swift; sourceTree = "<group>"; };
		4F4A2ECA24437387005E43EF /* HeaderSummaryDashboardTableViewCell.swift */ = {isa = PBXFileReference; lastKnownFileType = sourcecode.swift; path = HeaderSummaryDashboardTableViewCell.swift; sourceTree = "<group>"; };
		4F4A2ECC24440840005E43EF /* ReadingsSummaryDashboardTableViewCell.swift */ = {isa = PBXFileReference; lastKnownFileType = sourcecode.swift; path = ReadingsSummaryDashboardTableViewCell.swift; sourceTree = "<group>"; };
		4FFB10A5243576BD0010838A /* Eabit.app */ = {isa = PBXFileReference; explicitFileType = wrapper.application; includeInIndex = 0; path = Eabit.app; sourceTree = BUILT_PRODUCTS_DIR; };
		4FFB10A8243576BD0010838A /* AppDelegate.swift */ = {isa = PBXFileReference; lastKnownFileType = sourcecode.swift; path = AppDelegate.swift; sourceTree = "<group>"; };
		4FFB10AA243576BD0010838A /* SceneDelegate.swift */ = {isa = PBXFileReference; lastKnownFileType = sourcecode.swift; path = SceneDelegate.swift; sourceTree = "<group>"; };
		4FFB10B4243576C00010838A /* Assets.xcassets */ = {isa = PBXFileReference; lastKnownFileType = folder.assetcatalog; path = Assets.xcassets; sourceTree = "<group>"; };
		4FFB10B7243576C00010838A /* Base */ = {isa = PBXFileReference; lastKnownFileType = file.storyboard; name = Base; path = Base.lproj/LaunchScreen.storyboard; sourceTree = "<group>"; };
		4FFB10B9243576C00010838A /* Info.plist */ = {isa = PBXFileReference; lastKnownFileType = text.plist.xml; path = Info.plist; sourceTree = "<group>"; };
		4FFB10C6243577290010838A /* EatingHabitsCoreDataStorage.xcdatamodel */ = {isa = PBXFileReference; lastKnownFileType = wrapper.xcdatamodel; path = EatingHabitsCoreDataStorage.xcdatamodel; sourceTree = "<group>"; };
/* End PBXFileReference section */

/* Begin PBXFrameworksBuildPhase section */
		4FFB10A2243576BD0010838A /* Frameworks */ = {
			isa = PBXFrameworksBuildPhase;
			buildActionMask = 2147483647;
			files = (
			);
			runOnlyForDeploymentPostprocessing = 0;
		};
/* End PBXFrameworksBuildPhase section */

/* Begin PBXGroup section */
		2A33C152243F9B26009B9E1D /* Achievement */ = {
			isa = PBXGroup;
			children = (
				4F4A2EA9244338E4005E43EF /* AchievementDashboardViewController.storyboard */,
				4F4A2EB5244339C8005E43EF /* AchievementDashboardViewController.swift */,
				2A33C155243F9B94009B9E1D /* AchievementVC.swift */,
				2A33C153243F9B3E009B9E1D /* Achievement.storyboard */,
				2A10773B24416C9100994C8F /* AchievementDetailsVC.swift */,
				2A10773724414E8000994C8F /* AchievementSection.swift */,
				2A1077352440553900994C8F /* AchievementCell.swift */,
				2A1077392441570D00994C8F /* SectionHeader.swift */,
				2A10773D2441DBB200994C8F /* RadialGradientView.swift */,
			);
			path = Achievement;
			sourceTree = "<group>";
		};
		4F4A2EA024433304005E43EF /* Dashboard */ = {
			isa = PBXGroup;
			children = (
				4F4A2EAC244338FA005E43EF /* History */,
				4F4A2EAB244338EF005E43EF /* Summary */,
				4F4A2EA3244336F4005E43EF /* CheckIn */,
				4F4A2EA1244333D0005E43EF /* DashboardViewController.storyboard */,
			);
			path = Dashboard;
			sourceTree = "<group>";
		};
		4F4A2EA3244336F4005E43EF /* CheckIn */ = {
			isa = PBXGroup;
			children = (
				4F4A2EA424433703005E43EF /* CheckInDashboardViewController.storyboard */,
				4F4A2EA624433740005E43EF /* CheckInDashboardViewController.swift */,
				4F4A2EB824434C4B005E43EF /* RecommendationTimeCheckInDashboardViewController.swift */,
			);
			path = CheckIn;
			sourceTree = "<group>";
		};
		4F4A2EAB244338EF005E43EF /* Summary */ = {
			isa = PBXGroup;
			children = (
				4F4A2EC724437341005E43EF /* TableCell */,
				4F4A2EAD24433909005E43EF /* SummaryDashboardViewController.storyboard */,
				4F4A2EB324433984005E43EF /* SummaryDashboardViewController.swift */,
			);
			path = Summary;
			sourceTree = "<group>";
		};
		4F4A2EAC244338FA005E43EF /* History */ = {
			isa = PBXGroup;
			children = (
				4F4A2EAF24433918005E43EF /* HistoryDashboardViewController.storyboard */,
				4F4A2EB124433932005E43EF /* HistoryDashboardViewController.swift */,
			);
			path = History;
			sourceTree = "<group>";
		};
		4F4A2EBB24436431005E43EF /* Entity */ = {
			isa = PBXGroup;
			children = (
				4F4A2EC52443675E005E43EF /* MealTime.swift */,
			);
			path = Entity;
			sourceTree = "<group>";
		};
		4F4A2EC224436737005E43EF /* DAO+Mapping */ = {
			isa = PBXGroup;
			children = (
				4F4A2EC324436754005E43EF /* MealTimeEntity+Mapping.swift */,
			);
			path = "DAO+Mapping";
			sourceTree = "<group>";
		};
		4F4A2EC724437341005E43EF /* TableCell */ = {
			isa = PBXGroup;
			children = (
				4F4A2EC82443735E005E43EF /* MealTimeSummaryDashboardTableViewCell.swift */,
				4F4A2ECA24437387005E43EF /* HeaderSummaryDashboardTableViewCell.swift */,
				4F4A2ECC24440840005E43EF /* ReadingsSummaryDashboardTableViewCell.swift */,
			);
			path = TableCell;
			sourceTree = "<group>";
		};
		4FFB109C243576BD0010838A = {
			isa = PBXGroup;
			children = (
				4FFB10A7243576BD0010838A /* EatingHabits */,
				4FFB10A6243576BD0010838A /* Products */,
			);
			sourceTree = "<group>";
		};
		4FFB10A6243576BD0010838A /* Products */ = {
			isa = PBXGroup;
			children = (
				4FFB10A5243576BD0010838A /* Eabit.app */,
			);
			name = Products;
			sourceTree = "<group>";
		};
		4FFB10A7243576BD0010838A /* EatingHabits */ = {
			isa = PBXGroup;
			children = (
				4FFB10C2243576FF0010838A /* Data */,
				4FFB10C1243576F10010838A /* Presentation */,
				4FFB10BF243576CC0010838A /* Application */,
				4FFB10C0243576D40010838A /* Resources */,
			);
			path = EatingHabits;
			sourceTree = "<group>";
		};
		4FFB10BF243576CC0010838A /* Application */ = {
			isa = PBXGroup;
			children = (
				4FFB10A8243576BD0010838A /* AppDelegate.swift */,
				4FFB10AA243576BD0010838A /* SceneDelegate.swift */,
			);
			path = Application;
			sourceTree = "<group>";
		};
		4FFB10C0243576D40010838A /* Resources */ = {
			isa = PBXGroup;
			children = (
				4FFB10B4243576C00010838A /* Assets.xcassets */,
				4FFB10B6243576C00010838A /* LaunchScreen.storyboard */,
				4FFB10B9243576C00010838A /* Info.plist */,
			);
			path = Resources;
			sourceTree = "<group>";
		};
		4FFB10C1243576F10010838A /* Presentation */ = {
			isa = PBXGroup;
			children = (
				4F4A2EA024433304005E43EF /* Dashboard */,
				2A33C152243F9B26009B9E1D /* Achievement */,
			);
			path = Presentation;
			sourceTree = "<group>";
		};
		4FFB10C2243576FF0010838A /* Data */ = {
			isa = PBXGroup;
			children = (
				4F4A2EBB24436431005E43EF /* Entity */,
				4FFB10C4243577090010838A /* UserDefaultStorage */,
				4FFB10C3243577030010838A /* CoreDataStorage */,
			);
			path = Data;
			sourceTree = "<group>";
		};
		4FFB10C3243577030010838A /* CoreDataStorage */ = {
			isa = PBXGroup;
			children = (
				4F4A2EC224436737005E43EF /* DAO+Mapping */,
				4FFB10C5243577290010838A /* EatingHabitsCoreDataStorage.xcdatamodeld */,
				4F4A2EBE2443669B005E43EF /* CoreDataStorage.swift */,
				4F4A2EC0244366FB005E43EF /* MealTimeStorage.swift */,
			);
			path = CoreDataStorage;
			sourceTree = "<group>";
		};
		4FFB10C4243577090010838A /* UserDefaultStorage */ = {
			isa = PBXGroup;
			children = (
			);
			path = UserDefaultStorage;
			sourceTree = "<group>";
		};
/* End PBXGroup section */

/* Begin PBXNativeTarget section */
		4FFB10A4243576BD0010838A /* EatingHabits */ = {
			isa = PBXNativeTarget;
			buildConfigurationList = 4FFB10BC243576C00010838A /* Build configuration list for PBXNativeTarget "EatingHabits" */;
			buildPhases = (
				4FFB10A1243576BD0010838A /* Sources */,
				4FFB10A2243576BD0010838A /* Frameworks */,
				4FFB10A3243576BD0010838A /* Resources */,
			);
			buildRules = (
			);
			dependencies = (
			);
			name = EatingHabits;
			productName = EatingHabits;
			productReference = 4FFB10A5243576BD0010838A /* Eabit.app */;
			productType = "com.apple.product-type.application";
		};
/* End PBXNativeTarget section */

/* Begin PBXProject section */
		4FFB109D243576BD0010838A /* Project object */ = {
			isa = PBXProject;
			attributes = {
				LastSwiftUpdateCheck = 1140;
				LastUpgradeCheck = 1140;
				ORGANIZATIONNAME = "Triple T";
				TargetAttributes = {
					4FFB10A4243576BD0010838A = {
						CreatedOnToolsVersion = 11.4;
					};
				};
			};
			buildConfigurationList = 4FFB10A0243576BD0010838A /* Build configuration list for PBXProject "EatingHabits" */;
			compatibilityVersion = "Xcode 9.3";
			developmentRegion = en;
			hasScannedForEncodings = 0;
			knownRegions = (
				en,
				Base,
			);
			mainGroup = 4FFB109C243576BD0010838A;
			productRefGroup = 4FFB10A6243576BD0010838A /* Products */;
			projectDirPath = "";
			projectRoot = "";
			targets = (
				4FFB10A4243576BD0010838A /* EatingHabits */,
			);
		};
/* End PBXProject section */

/* Begin PBXResourcesBuildPhase section */
		4FFB10A3243576BD0010838A /* Resources */ = {
			isa = PBXResourcesBuildPhase;
			buildActionMask = 2147483647;
			files = (
				4F4A2EA2244333D0005E43EF /* DashboardViewController.storyboard in Resources */,
				4FFB10B8243576C00010838A /* LaunchScreen.storyboard in Resources */,
				4FFB10B5243576C00010838A /* Assets.xcassets in Resources */,
				4F4A2EB024433918005E43EF /* HistoryDashboardViewController.storyboard in Resources */,
				4F4A2EAA244338E4005E43EF /* AchievementDashboardViewController.storyboard in Resources */,
				4F4A2EA524433703005E43EF /* CheckInDashboardViewController.storyboard in Resources */,
				4F4A2EAE24433909005E43EF /* SummaryDashboardViewController.storyboard in Resources */,
				2A33C154243F9B3E009B9E1D /* Achievement.storyboard in Resources */,
			);
			runOnlyForDeploymentPostprocessing = 0;
		};
/* End PBXResourcesBuildPhase section */

/* Begin PBXSourcesBuildPhase section */
		4FFB10A1243576BD0010838A /* Sources */ = {
			isa = PBXSourcesBuildPhase;
			buildActionMask = 2147483647;
			files = (
				4F4A2EB6244339C8005E43EF /* AchievementDashboardViewController.swift in Sources */,
				4F4A2EB924434C4B005E43EF /* RecommendationTimeCheckInDashboardViewController.swift in Sources */,
				4F4A2EC424436754005E43EF /* MealTimeEntity+Mapping.swift in Sources */,
				4F4A2EB224433932005E43EF /* HistoryDashboardViewController.swift in Sources */,
				4F4A2ECD24440840005E43EF /* ReadingsSummaryDashboardTableViewCell.swift in Sources */,
				4F4A2ECB24437387005E43EF /* HeaderSummaryDashboardTableViewCell.swift in Sources */,
				4F4A2EC1244366FB005E43EF /* MealTimeStorage.swift in Sources */,
				4F4A2EBF2443669B005E43EF /* CoreDataStorage.swift in Sources */,
				4FFB10A9243576BD0010838A /* AppDelegate.swift in Sources */,
				4F4A2EC62443675E005E43EF /* MealTime.swift in Sources */,
				4FFB10AB243576BD0010838A /* SceneDelegate.swift in Sources */,
				4F4A2EC92443735E005E43EF /* MealTimeSummaryDashboardTableViewCell.swift in Sources */,
				4FFB10C7243577290010838A /* EatingHabitsCoreDataStorage.xcdatamodeld in Sources */,
				4F4A2EB424433984005E43EF /* SummaryDashboardViewController.swift in Sources */,
				4F4A2EA724433740005E43EF /* CheckInDashboardViewController.swift in Sources */,
				2A1077362440553900994C8F /* AchievementCell.swift in Sources */,
				2A10773C24416C9100994C8F /* AchievementDetailsVC.swift in Sources */,
				4FFB10A9243576BD0010838A /* AppDelegate.swift in Sources */,
				2A33C156243F9B94009B9E1D /* AchievementVC.swift in Sources */,
				2A10773E2441DBB200994C8F /* RadialGradientView.swift in Sources */,
				4FFB10AB243576BD0010838A /* SceneDelegate.swift in Sources */,
				2A10773824414E8000994C8F /* AchievementSection.swift in Sources */,
				4FFB10C7243577290010838A /* EatingHabitsCoreDataStorage.xcdatamodeld in Sources */,
				2A10773A2441570D00994C8F /* SectionHeader.swift in Sources */,
			);
			runOnlyForDeploymentPostprocessing = 0;
		};
/* End PBXSourcesBuildPhase section */

/* Begin PBXVariantGroup section */
		4FFB10B6243576C00010838A /* LaunchScreen.storyboard */ = {
			isa = PBXVariantGroup;
			children = (
				4FFB10B7243576C00010838A /* Base */,
			);
			name = LaunchScreen.storyboard;
			sourceTree = "<group>";
		};
/* End PBXVariantGroup section */

/* Begin XCBuildConfiguration section */
		4FFB10BA243576C00010838A /* Debug */ = {
			isa = XCBuildConfiguration;
			buildSettings = {
				ALWAYS_SEARCH_USER_PATHS = NO;
				CLANG_ANALYZER_NONNULL = YES;
				CLANG_ANALYZER_NUMBER_OBJECT_CONVERSION = YES_AGGRESSIVE;
				CLANG_CXX_LANGUAGE_STANDARD = "gnu++14";
				CLANG_CXX_LIBRARY = "libc++";
				CLANG_ENABLE_MODULES = YES;
				CLANG_ENABLE_OBJC_ARC = YES;
				CLANG_ENABLE_OBJC_WEAK = YES;
				CLANG_WARN_BLOCK_CAPTURE_AUTORELEASING = YES;
				CLANG_WARN_BOOL_CONVERSION = YES;
				CLANG_WARN_COMMA = YES;
				CLANG_WARN_CONSTANT_CONVERSION = YES;
				CLANG_WARN_DEPRECATED_OBJC_IMPLEMENTATIONS = YES;
				CLANG_WARN_DIRECT_OBJC_ISA_USAGE = YES_ERROR;
				CLANG_WARN_DOCUMENTATION_COMMENTS = YES;
				CLANG_WARN_EMPTY_BODY = YES;
				CLANG_WARN_ENUM_CONVERSION = YES;
				CLANG_WARN_INFINITE_RECURSION = YES;
				CLANG_WARN_INT_CONVERSION = YES;
				CLANG_WARN_NON_LITERAL_NULL_CONVERSION = YES;
				CLANG_WARN_OBJC_IMPLICIT_RETAIN_SELF = YES;
				CLANG_WARN_OBJC_LITERAL_CONVERSION = YES;
				CLANG_WARN_OBJC_ROOT_CLASS = YES_ERROR;
				CLANG_WARN_RANGE_LOOP_ANALYSIS = YES;
				CLANG_WARN_STRICT_PROTOTYPES = YES;
				CLANG_WARN_SUSPICIOUS_MOVE = YES;
				CLANG_WARN_UNGUARDED_AVAILABILITY = YES_AGGRESSIVE;
				CLANG_WARN_UNREACHABLE_CODE = YES;
				CLANG_WARN__DUPLICATE_METHOD_MATCH = YES;
				COPY_PHASE_STRIP = NO;
				DEBUG_INFORMATION_FORMAT = dwarf;
				ENABLE_STRICT_OBJC_MSGSEND = YES;
				ENABLE_TESTABILITY = YES;
				GCC_C_LANGUAGE_STANDARD = gnu11;
				GCC_DYNAMIC_NO_PIC = NO;
				GCC_NO_COMMON_BLOCKS = YES;
				GCC_OPTIMIZATION_LEVEL = 0;
				GCC_PREPROCESSOR_DEFINITIONS = (
					"DEBUG=1",
					"$(inherited)",
				);
				GCC_WARN_64_TO_32_BIT_CONVERSION = YES;
				GCC_WARN_ABOUT_RETURN_TYPE = YES_ERROR;
				GCC_WARN_UNDECLARED_SELECTOR = YES;
				GCC_WARN_UNINITIALIZED_AUTOS = YES_AGGRESSIVE;
				GCC_WARN_UNUSED_FUNCTION = YES;
				GCC_WARN_UNUSED_VARIABLE = YES;
				IPHONEOS_DEPLOYMENT_TARGET = 13.4;
				MTL_ENABLE_DEBUG_INFO = INCLUDE_SOURCE;
				MTL_FAST_MATH = YES;
				ONLY_ACTIVE_ARCH = YES;
				SDKROOT = iphoneos;
				SWIFT_ACTIVE_COMPILATION_CONDITIONS = DEBUG;
				SWIFT_OPTIMIZATION_LEVEL = "-Onone";
			};
			name = Debug;
		};
		4FFB10BB243576C00010838A /* Release */ = {
			isa = XCBuildConfiguration;
			buildSettings = {
				ALWAYS_SEARCH_USER_PATHS = NO;
				CLANG_ANALYZER_NONNULL = YES;
				CLANG_ANALYZER_NUMBER_OBJECT_CONVERSION = YES_AGGRESSIVE;
				CLANG_CXX_LANGUAGE_STANDARD = "gnu++14";
				CLANG_CXX_LIBRARY = "libc++";
				CLANG_ENABLE_MODULES = YES;
				CLANG_ENABLE_OBJC_ARC = YES;
				CLANG_ENABLE_OBJC_WEAK = YES;
				CLANG_WARN_BLOCK_CAPTURE_AUTORELEASING = YES;
				CLANG_WARN_BOOL_CONVERSION = YES;
				CLANG_WARN_COMMA = YES;
				CLANG_WARN_CONSTANT_CONVERSION = YES;
				CLANG_WARN_DEPRECATED_OBJC_IMPLEMENTATIONS = YES;
				CLANG_WARN_DIRECT_OBJC_ISA_USAGE = YES_ERROR;
				CLANG_WARN_DOCUMENTATION_COMMENTS = YES;
				CLANG_WARN_EMPTY_BODY = YES;
				CLANG_WARN_ENUM_CONVERSION = YES;
				CLANG_WARN_INFINITE_RECURSION = YES;
				CLANG_WARN_INT_CONVERSION = YES;
				CLANG_WARN_NON_LITERAL_NULL_CONVERSION = YES;
				CLANG_WARN_OBJC_IMPLICIT_RETAIN_SELF = YES;
				CLANG_WARN_OBJC_LITERAL_CONVERSION = YES;
				CLANG_WARN_OBJC_ROOT_CLASS = YES_ERROR;
				CLANG_WARN_RANGE_LOOP_ANALYSIS = YES;
				CLANG_WARN_STRICT_PROTOTYPES = YES;
				CLANG_WARN_SUSPICIOUS_MOVE = YES;
				CLANG_WARN_UNGUARDED_AVAILABILITY = YES_AGGRESSIVE;
				CLANG_WARN_UNREACHABLE_CODE = YES;
				CLANG_WARN__DUPLICATE_METHOD_MATCH = YES;
				COPY_PHASE_STRIP = NO;
				DEBUG_INFORMATION_FORMAT = "dwarf-with-dsym";
				ENABLE_NS_ASSERTIONS = NO;
				ENABLE_STRICT_OBJC_MSGSEND = YES;
				GCC_C_LANGUAGE_STANDARD = gnu11;
				GCC_NO_COMMON_BLOCKS = YES;
				GCC_WARN_64_TO_32_BIT_CONVERSION = YES;
				GCC_WARN_ABOUT_RETURN_TYPE = YES_ERROR;
				GCC_WARN_UNDECLARED_SELECTOR = YES;
				GCC_WARN_UNINITIALIZED_AUTOS = YES_AGGRESSIVE;
				GCC_WARN_UNUSED_FUNCTION = YES;
				GCC_WARN_UNUSED_VARIABLE = YES;
				IPHONEOS_DEPLOYMENT_TARGET = 13.4;
				MTL_ENABLE_DEBUG_INFO = NO;
				MTL_FAST_MATH = YES;
				SDKROOT = iphoneos;
				SWIFT_COMPILATION_MODE = wholemodule;
				SWIFT_OPTIMIZATION_LEVEL = "-O";
				VALIDATE_PRODUCT = YES;
			};
			name = Release;
		};
		4FFB10BD243576C00010838A /* Debug */ = {
			isa = XCBuildConfiguration;
			buildSettings = {
				ASSETCATALOG_COMPILER_APPICON_NAME = AppIcon;
				CODE_SIGN_STYLE = Automatic;
				DEVELOPMENT_TEAM = 5U7M39KWXM;
				INFOPLIST_FILE = "$(SRCROOT)/EatingHabits/Resources/Info.plist";
				IPHONEOS_DEPLOYMENT_TARGET = 13.0;
				LD_RUNPATH_SEARCH_PATHS = (
					"$(inherited)",
					"@executable_path/Frameworks",
				);
				PRODUCT_BUNDLE_IDENTIFIER = com.triplet.Eabit;
				PRODUCT_NAME = Eabit;
				SWIFT_VERSION = 5.0;
				TARGETED_DEVICE_FAMILY = 1;
			};
			name = Debug;
		};
		4FFB10BE243576C00010838A /* Release */ = {
			isa = XCBuildConfiguration;
			buildSettings = {
				ASSETCATALOG_COMPILER_APPICON_NAME = AppIcon;
				CODE_SIGN_STYLE = Automatic;
				DEVELOPMENT_TEAM = 5U7M39KWXM;
				INFOPLIST_FILE = "$(SRCROOT)/EatingHabits/Resources/Info.plist";
				IPHONEOS_DEPLOYMENT_TARGET = 13.0;
				LD_RUNPATH_SEARCH_PATHS = (
					"$(inherited)",
					"@executable_path/Frameworks",
				);
				PRODUCT_BUNDLE_IDENTIFIER = com.triplet.Eabit;
				PRODUCT_NAME = Eabit;
				SWIFT_VERSION = 5.0;
				TARGETED_DEVICE_FAMILY = 1;
			};
			name = Release;
		};
/* End XCBuildConfiguration section */

/* Begin XCConfigurationList section */
		4FFB10A0243576BD0010838A /* Build configuration list for PBXProject "EatingHabits" */ = {
			isa = XCConfigurationList;
			buildConfigurations = (
				4FFB10BA243576C00010838A /* Debug */,
				4FFB10BB243576C00010838A /* Release */,
			);
			defaultConfigurationIsVisible = 0;
			defaultConfigurationName = Release;
		};
		4FFB10BC243576C00010838A /* Build configuration list for PBXNativeTarget "EatingHabits" */ = {
			isa = XCConfigurationList;
			buildConfigurations = (
				4FFB10BD243576C00010838A /* Debug */,
				4FFB10BE243576C00010838A /* Release */,
			);
			defaultConfigurationIsVisible = 0;
			defaultConfigurationName = Release;
		};
/* End XCConfigurationList section */

/* Begin XCVersionGroup section */
		4FFB10C5243577290010838A /* EatingHabitsCoreDataStorage.xcdatamodeld */ = {
			isa = XCVersionGroup;
			children = (
				4FFB10C6243577290010838A /* EatingHabitsCoreDataStorage.xcdatamodel */,
			);
			currentVersion = 4FFB10C6243577290010838A /* EatingHabitsCoreDataStorage.xcdatamodel */;
			path = EatingHabitsCoreDataStorage.xcdatamodeld;
			sourceTree = "<group>";
			versionGroupType = wrapper.xcdatamodel;
		};
/* End XCVersionGroup section */
	};
	rootObject = 4FFB109D243576BD0010838A /* Project object */;
}
